
Microsoft Visual Studio Solution File, Format Version 12.00
# Visual Studio Version 16
VisualStudioVersion = 16.0.30907.101
MinimumVisualStudioVersion = 10.0.40219.1
Project("{FAE04EC0-301F-11D3-BF4B-00C04F79EFBC}") = "Sandbox", "Sandbox\Sandbox.csproj", "{FF9CF461-EE2A-472A-9316-1B83E9A7E8B2}"
EndProject
Global
	GlobalSection(SolutionConfigurationPlatforms) = preSolution
		Debug|Any CPU = Debug|Any CPU
		Release|Any CPU = Release|Any CPU
	EndGlobalSection
	GlobalSection(ProjectConfigurationPlatforms) = postSolution
		{FF9CF461-EE2A-472A-9316-1B83E9A7E8B2}.Debug|Any CPU.ActiveCfg = Debug|Any CPU
		{FF9CF461-EE2A-472A-9316-1B83E9A7E8B2}.Debug|Any CPU.Build.0 = Debug|Any CPU
		{FF9CF461-EE2A-472A-9316-1B83E9A7E8B2}.Release|Any CPU.ActiveCfg = Release|Any CPU
		{FF9CF461-EE2A-472A-9316-1B83E9A7E8B2}.Release|Any CPU.Build.0 = Release|Any CPU
	EndGlobalSection
	GlobalSection(SolutionProperties) = preSolution
		HideSolutionNode = FALSE
	EndGlobalSection
	GlobalSection(ExtensibilityGlobals) = postSolution
		SolutionGuid = {91021EE0-EB00-4F3F-A59C-1CAF30591262}
	EndGlobalSection
EndGlobal
